// !$*UTF8*$!
{
	archiveVersion = 1;
	classes = {
	};
	objectVersion = 46;
	objects = {

/* Begin PBXBuildFile section */
		36B54DF21EF396720046B813 /* AppDelegate.swift in Sources */ = {isa = PBXBuildFile; fileRef = 36B54DF11EF396720046B813 /* AppDelegate.swift */; };
		36B54DF41EF396720046B813 /* ViewController.swift in Sources */ = {isa = PBXBuildFile; fileRef = 36B54DF31EF396720046B813 /* ViewController.swift */; };
		36B54DF71EF396720046B813 /* Main.storyboard in Resources */ = {isa = PBXBuildFile; fileRef = 36B54DF51EF396720046B813 /* Main.storyboard */; };
		36B54DF91EF396720046B813 /* Assets.xcassets in Resources */ = {isa = PBXBuildFile; fileRef = 36B54DF81EF396720046B813 /* Assets.xcassets */; };
		36B54DFC1EF396720046B813 /* LaunchScreen.storyboard in Resources */ = {isa = PBXBuildFile; fileRef = 36B54DFA1EF396720046B813 /* LaunchScreen.storyboard */; };
		36B54E051EF3AE1B0046B813 /* GlacialIndifference-Bold.otf in Resources */ = {isa = PBXBuildFile; fileRef = 36B54E031EF3AE1B0046B813 /* GlacialIndifference-Bold.otf */; };
		36B54E061EF3AE1B0046B813 /* GlacialIndifference-Regular.otf in Resources */ = {isa = PBXBuildFile; fileRef = 36B54E041EF3AE1B0046B813 /* GlacialIndifference-Regular.otf */; };
		36B54E081EF3AF5D0046B813 /* Resources in Resources */ = {isa = PBXBuildFile; fileRef = 36B54E071EF3AF5D0046B813 /* Resources */; };
/* End PBXBuildFile section */

/* Begin PBXFileReference section */
		36B54DEE1EF396720046B813 /* NatureClock.app */ = {isa = PBXFileReference; explicitFileType = wrapper.application; includeInIndex = 0; path = NatureClock.app; sourceTree = BUILT_PRODUCTS_DIR; };
		36B54DF11EF396720046B813 /* AppDelegate.swift */ = {isa = PBXFileReference; lastKnownFileType = sourcecode.swift; path = AppDelegate.swift; sourceTree = "<group>"; };
		36B54DF31EF396720046B813 /* ViewController.swift */ = {isa = PBXFileReference; lastKnownFileType = sourcecode.swift; path = ViewController.swift; sourceTree = "<group>"; };
		36B54DF61EF396720046B813 /* Base */ = {isa = PBXFileReference; lastKnownFileType = file.storyboard; name = Base; path = Base.lproj/Main.storyboard; sourceTree = "<group>"; };
		36B54DF81EF396720046B813 /* Assets.xcassets */ = {isa = PBXFileReference; lastKnownFileType = folder.assetcatalog; path = Assets.xcassets; sourceTree = "<group>"; };
		36B54DFB1EF396720046B813 /* Base */ = {isa = PBXFileReference; lastKnownFileType = file.storyboard; name = Base; path = Base.lproj/LaunchScreen.storyboard; sourceTree = "<group>"; };
		36B54DFD1EF396720046B813 /* Info.plist */ = {isa = PBXFileReference; lastKnownFileType = text.plist.xml; path = Info.plist; sourceTree = "<group>"; };
		36B54E031EF3AE1B0046B813 /* GlacialIndifference-Bold.otf */ = {isa = PBXFileReference; lastKnownFileType = file; name = "GlacialIndifference-Bold.otf"; path = "../../../Downloads/glacial-indifference/GlacialIndifference-Bold.otf"; sourceTree = "<group>"; };
		36B54E041EF3AE1B0046B813 /* GlacialIndifference-Regular.otf */ = {isa = PBXFileReference; lastKnownFileType = file; name = "GlacialIndifference-Regular.otf"; path = "../../../Downloads/glacial-indifference/GlacialIndifference-Regular.otf"; sourceTree = "<group>"; };
		36B54E071EF3AF5D0046B813 /* Resources */ = {isa = PBXFileReference; lastKnownFileType = folder; path = Resources; sourceTree = "<group>"; };
/* End PBXFileReference section */

/* Begin PBXFrameworksBuildPhase section */
		36B54DEB1EF396720046B813 /* Frameworks */ = {
			isa = PBXFrameworksBuildPhase;
			buildActionMask = 2147483647;
			files = (
			);
			runOnlyForDeploymentPostprocessing = 0;
		};
/* End PBXFrameworksBuildPhase section */

/* Begin PBXGroup section */
		36B54DE51EF396720046B813 = {
			isa = PBXGroup;
			children = (
				36B54E071EF3AF5D0046B813 /* Resources */,
				36B54DF01EF396720046B813 /* NatureClock */,
				36B54DEF1EF396720046B813 /* Products */,
			);
			sourceTree = "<group>";
		};
		36B54DEF1EF396720046B813 /* Products */ = {
			isa = PBXGroup;
			children = (
				36B54DEE1EF396720046B813 /* NatureClock.app */,
			);
			name = Products;
			sourceTree = "<group>";
		};
		36B54DF01EF396720046B813 /* NatureClock */ = {
			isa = PBXGroup;
			children = (
				36B54DF11EF396720046B813 /* AppDelegate.swift */,
				36B54DF31EF396720046B813 /* ViewController.swift */,
				36B54DF51EF396720046B813 /* Main.storyboard */,
				36B54E031EF3AE1B0046B813 /* GlacialIndifference-Bold.otf */,
				36B54E041EF3AE1B0046B813 /* GlacialIndifference-Regular.otf */,
				36B54DF81EF396720046B813 /* Assets.xcassets */,
				36B54DFA1EF396720046B813 /* LaunchScreen.storyboard */,
				36B54DFD1EF396720046B813 /* Info.plist */,
			);
			path = NatureClock;
			sourceTree = "<group>";
		};
/* End PBXGroup section */

/* Begin PBXNativeTarget section */
		36B54DED1EF396720046B813 /* NatureClock */ = {
			isa = PBXNativeTarget;
			buildConfigurationList = 36B54E001EF396720046B813 /* Build configuration list for PBXNativeTarget "NatureClock" */;
			buildPhases = (
				36B54DEA1EF396720046B813 /* Sources */,
				36B54DEB1EF396720046B813 /* Frameworks */,
				36B54DEC1EF396720046B813 /* Resources */,
			);
			buildRules = (
			);
			dependencies = (
			);
			name = NatureClock;
			productName = NatureClock;
			productReference = 36B54DEE1EF396720046B813 /* NatureClock.app */;
			productType = "com.apple.product-type.application";
		};
/* End PBXNativeTarget section */

/* Begin PBXProject section */
		36B54DE61EF396720046B813 /* Project object */ = {
			isa = PBXProject;
			attributes = {
				LastSwiftUpdateCheck = 0830;
				LastUpgradeCheck = 0830;
				ORGANIZATIONNAME = "Lowell Stevens";
				TargetAttributes = {
					36B54DED1EF396720046B813 = {
						CreatedOnToolsVersion = 8.3.2;
						DevelopmentTeam = MP3S8GAP8F;
						ProvisioningStyle = Automatic;
					};
				};
			};
			buildConfigurationList = 36B54DE91EF396720046B813 /* Build configuration list for PBXProject "NatureClock" */;
			compatibilityVersion = "Xcode 3.2";
			developmentRegion = English;
			hasScannedForEncodings = 0;
			knownRegions = (
				en,
				Base,
			);
			mainGroup = 36B54DE51EF396720046B813;
			productRefGroup = 36B54DEF1EF396720046B813 /* Products */;
			projectDirPath = "";
			projectRoot = "";
			targets = (
				36B54DED1EF396720046B813 /* NatureClock */,
			);
		};
/* End PBXProject section */

/* Begin PBXResourcesBuildPhase section */
		36B54DEC1EF396720046B813 /* Resources */ = {
			isa = PBXResourcesBuildPhase;
			buildActionMask = 2147483647;
			files = (
				36B54E051EF3AE1B0046B813 /* GlacialIndifference-Bold.otf in Resources */,
				36B54E061EF3AE1B0046B813 /* GlacialIndifference-Regular.otf in Resources */,
				36B54DFC1EF396720046B813 /* LaunchScreen.storyboard in Resources */,
				36B54E081EF3AF5D0046B813 /* Resources in Resources */,
				36B54DF91EF396720046B813 /* Assets.xcassets in Resources */,
				36B54DF71EF396720046B813 /* Main.storyboard in Resources */,
			);
			runOnlyForDeploymentPostprocessing = 0;
		};
/* End PBXResourcesBuildPhase section */

/* Begin PBXSourcesBuildPhase section */
		36B54DEA1EF396720046B813 /* Sources */ = {
			isa = PBXSourcesBuildPhase;
			buildActionMask = 2147483647;
			files = (
				36B54DF41EF396720046B813 /* ViewController.swift in Sources */,
				36B54DF21EF396720046B813 /* AppDelegate.swift in Sources */,
			);
			runOnlyForDeploymentPostprocessing = 0;
		};
/* End PBXSourcesBuildPhase section */

/* Begin PBXVariantGroup section */
		36B54DF51EF396720046B813 /* Main.storyboard */ = {
			isa = PBXVariantGroup;
			children = (
				36B54DF61EF396720046B813 /* Base */,
			);
			name = Main.storyboard;
			sourceTree = "<group>";
		};
		36B54DFA1EF396720046B813 /* LaunchScreen.storyboard */ = {
			isa = PBXVariantGroup;
			children = (
				36B54DFB1EF396720046B813 /* Base */,
			);
			name = LaunchScreen.storyboard;
			sourceTree = "<group>";
		};
/* End PBXVariantGroup section */

/* Begin XCBuildConfiguration section */
		36B54DFE1EF396720046B813 /* Debug */ = {
			isa = XCBuildConfiguration;
			buildSettings = {
				ALWAYS_SEARCH_USER_PATHS = NO;
				CLANG_ANALYZER_NONNULL = YES;
				CLANG_ANALYZER_NUMBER_OBJECT_CONVERSION = YES_AGGRESSIVE;
				CLANG_CXX_LANGUAGE_STANDARD = "gnu++0x";
				CLANG_CXX_LIBRARY = "libc++";
				CLANG_ENABLE_MODULES = YES;
				CLANG_ENABLE_OBJC_ARC = YES;
				CLANG_WARN_BOOL_CONVERSION = YES;
				CLANG_WARN_CONSTANT_CONVERSION = YES;
				CLANG_WARN_DIRECT_OBJC_ISA_USAGE = YES_ERROR;
				CLANG_WARN_DOCUMENTATION_COMMENTS = YES;
				CLANG_WARN_EMPTY_BODY = YES;
				CLANG_WARN_ENUM_CONVERSION = YES;
				CLANG_WARN_INFINITE_RECURSION = YES;
				CLANG_WARN_INT_CONVERSION = YES;
				CLANG_WARN_OBJC_ROOT_CLASS = YES_ERROR;
				CLANG_WARN_SUSPICIOUS_MOVE = YES;
				CLANG_WARN_UNREACHABLE_CODE = YES;
				CLANG_WARN__DUPLICATE_METHOD_MATCH = YES;
				"CODE_SIGN_IDENTITY[sdk=iphoneos*]" = "iPhone Developer";
				COPY_PHASE_STRIP = NO;
				DEBUG_INFORMATION_FORMAT = dwarf;
				ENABLE_STRICT_OBJC_MSGSEND = YES;
				ENABLE_TESTABILITY = YES;
				GCC_C_LANGUAGE_STANDARD = gnu99;
				GCC_DYNAMIC_NO_PIC = NO;
				GCC_NO_COMMON_BLOCKS = YES;
				GCC_OPTIMIZATION_LEVEL = 0;
				GCC_PREPROCESSOR_DEFINITIONS = (
					"DEBUG=1",
					"$(inherited)",
				);
				GCC_WARN_64_TO_32_BIT_CONVERSION = YES;
				GCC_WARN_ABOUT_RETURN_TYPE = YES_ERROR;
				GCC_WARN_UNDECLARED_SELECTOR = YES;
				GCC_WARN_UNINITIALIZED_AUTOS = YES_AGGRESSIVE;
				GCC_WARN_UNUSED_FUNCTION = YES;
				GCC_WARN_UNUSED_VARIABLE = YES;
				IPHONEOS_DEPLOYMENT_TARGET = 10.3;
				MTL_ENABLE_DEBUG_INFO = YES;
				ONLY_ACTIVE_ARCH = YES;
				SDKROOT = iphoneos;
				SWIFT_ACTIVE_COMPILATION_CONDITIONS = DEBUG;
				SWIFT_OPTIMIZATION_LEVEL = "-Onone";
				TARGETED_DEVICE_FAMILY = "1,2";
			};
			name = Debug;
		};
		36B54DFF1EF396720046B813 /* Release */ = {
			isa = XCBuildConfiguration;
			buildSettings = {
				ALWAYS_SEARCH_USER_PATHS = NO;
				CLANG_ANALYZER_NONNULL = YES;
				CLANG_ANALYZER_NUMBER_OBJECT_CONVERSION = YES_AGGRESSIVE;
				CLANG_CXX_LANGUAGE_STANDARD = "gnu++0x";
				CLANG_CXX_LIBRARY = "libc++";
				CLANG_ENABLE_MODULES = YES;
				CLANG_ENABLE_OBJC_ARC = YES;
				CLANG_WARN_BOOL_CONVERSION = YES;
				CLANG_WARN_CONSTANT_CONVERSION = YES;
				CLANG_WARN_DIRECT_OBJC_ISA_USAGE = YES_ERROR;
				CLANG_WARN_DOCUMENTATION_COMMENTS = YES;
				CLANG_WARN_EMPTY_BODY = YES;
				CLANG_WARN_ENUM_CONVERSION = YES;
				CLANG_WARN_INFINITE_RECURSION = YES;
				CLANG_WARN_INT_CONVERSION = YES;
				CLANG_WARN_OBJC_ROOT_CLASS = YES_ERROR;
				CLANG_WARN_SUSPICIOUS_MOVE = YES;
				CLANG_WARN_UNREACHABLE_CODE = YES;
				CLANG_WARN__DUPLICATE_METHOD_MATCH = YES;
				"CODE_SIGN_IDENTITY[sdk=iphoneos*]" = "iPhone Developer";
				COPY_PHASE_STRIP = NO;
				DEBUG_INFORMATION_FORMAT = "dwarf-with-dsym";
				ENABLE_NS_ASSERTIONS = NO;
				ENABLE_STRICT_OBJC_MSGSEND = YES;
				GCC_C_LANGUAGE_STANDARD = gnu99;
				GCC_NO_COMMON_BLOCKS = YES;
				GCC_WARN_64_TO_32_BIT_CONVERSION = YES;
				GCC_WARN_ABOUT_RETURN_TYPE = YES_ERROR;
				GCC_WARN_UNDECLARED_SELECTOR = YES;
				GCC_WARN_UNINITIALIZED_AUTOS = YES_AGGRESSIVE;
				GCC_WARN_UNUSED_FUNCTION = YES;
				GCC_WARN_UNUSED_VARIABLE = YES;
				IPHONEOS_DEPLOYMENT_TARGET = 10.3;
				MTL_ENABLE_DEBUG_INFO = NO;
				SDKROOT = iphoneos;
				SWIFT_OPTIMIZATION_LEVEL = "-Owholemodule";
				TARGETED_DEVICE_FAMILY = "1,2";
				VALIDATE_PRODUCT = YES;
			};
			name = Release;
		};
		36B54E011EF396720046B813 /* Debug */ = {
			isa = XCBuildConfiguration;
			buildSettings = {
				ASSETCATALOG_COMPILER_APPICON_NAME = AppIcon;
				DEVELOPMENT_TEAM = MP3S8GAP8F;
				INFOPLIST_FILE = NatureClock/Info.plist;
				LD_RUNPATH_SEARCH_PATHS = "$(inherited) @executable_path/Frameworks";
				PRODUCT_BUNDLE_IDENTIFIER = com.kraken.CoffeeMaster.NatureClock;
				PRODUCT_NAME = "$(TARGET_NAME)";
				SWIFT_VERSION = 3.0;
			};
			name = Debug;
		};
		36B54E021EF396720046B813 /* Release */ = {
			isa = XCBuildConfiguration;
			buildSettings = {
				ASSETCATALOG_COMPILER_APPICON_NAME = AppIcon;
				DEVELOPMENT_TEAM = MP3S8GAP8F;
				INFOPLIST_FILE = NatureClock/Info.plist;
				LD_RUNPATH_SEARCH_PATHS = "$(inherited) @executable_path/Frameworks";
				PRODUCT_BUNDLE_IDENTIFIER = com.kraken.CoffeeMaster.NatureClock;
				PRODUCT_NAME = "$(TARGET_NAME)";
				SWIFT_VERSION = 3.0;
			};
			name = Release;
		};
/* End XCBuildConfiguration section */

/* Begin XCConfigurationList section */
		36B54DE91EF396720046B813 /* Build configuration list for PBXProject "NatureClock" */ = {
			isa = XCConfigurationList;
			buildConfigurations = (
				36B54DFE1EF396720046B813 /* Debug */,
				36B54DFF1EF396720046B813 /* Release */,
			);
			defaultConfigurationIsVisible = 0;
			defaultConfigurationName = Release;
		};
		36B54E001EF396720046B813 /* Build configuration list for PBXNativeTarget "NatureClock" */ = {
			isa = XCConfigurationList;
			buildConfigurations = (
				36B54E011EF396720046B813 /* Debug */,
				36B54E021EF396720046B813 /* Release */,
			);
			defaultConfigurationIsVisible = 0;
		};
/* End XCConfigurationList section */
	};
	rootObject = 36B54DE61EF396720046B813 /* Project object */;
}
